
Microsoft Visual Studio Solution File, Format Version 12.00
# Visual Studio 2013
VisualStudioVersion = 12.0.20827.3
MinimumVisualStudioVersion = 10.0.40219.1
Project("{E24C65DC-7377-472B-9ABA-BC803B73C61A}") = "CS3041Project2(1)", "http://localhost:57767", "{1ED2D8CF-A3E5-415D-9FCE-E8DB7A5500E1}"
	ProjectSection(WebsiteProperties) = preProject
		UseIISExpress = "true"
		TargetFrameworkMoniker = ".NETFramework,Version%3Dv4.5"
		Debug.AspNetCompiler.VirtualPath = "/localhost_57767"
		Debug.AspNetCompiler.PhysicalPath = "..\..\WebSites\CS3041Project2\"
		Debug.AspNetCompiler.TargetPath = "PrecompiledWeb\localhost_57767\"
		Debug.AspNetCompiler.Updateable = "true"
		Debug.AspNetCompiler.ForceOverwrite = "true"
		Debug.AspNetCompiler.FixedNames = "false"
		Debug.AspNetCompiler.Debug = "True"
		Release.AspNetCompiler.VirtualPath = "/localhost_57767"
		Release.AspNetCompiler.PhysicalPath = "..\..\WebSites\CS3041Project2\"
		Release.AspNetCompiler.TargetPath = "PrecompiledWeb\localhost_57767\"
		Release.AspNetCompiler.Updateable = "true"
		Release.AspNetCompiler.ForceOverwrite = "true"
		Release.AspNetCompiler.FixedNames = "false"
		Release.AspNetCompiler.Debug = "False"
		SlnRelativePath = "..\..\WebSites\CS3041Project2\"
		DefaultWebSiteLanguage = "Visual Basic"
	EndProjectSection
EndProject
Global
	GlobalSection(SolutionConfigurationPlatforms) = preSolution
		Debug|Any CPU = Debug|Any CPU
	EndGlobalSection
	GlobalSection(ProjectConfigurationPlatforms) = postSolution
		{1ED2D8CF-A3E5-415D-9FCE-E8DB7A5500E1}.Debug|Any CPU.ActiveCfg = Debug|Any CPU
		{1ED2D8CF-A3E5-415D-9FCE-E8DB7A5500E1}.Debug|Any CPU.Build.0 = Debug|Any CPU
	EndGlobalSection
	GlobalSection(SolutionProperties) = preSolution
		HideSolutionNode = FALSE
	EndGlobalSection
EndGlobal
